
Microsoft Visual Studio Solution File, Format Version 12.00
# Visual Studio Version 17
VisualStudioVersion = 17.13.35931.197 d17.13
MinimumVisualStudioVersion = 10.0.40219.1
Project("{FAE04EC0-301F-11D3-BF4B-00C04F79EFBC}") = "bai14l1.3", "bai14l1.3\bai14l1.3.csproj", "{BEEC8ED9-0FB9-4961-8A36-0D5436132424}"
EndProject
Global
	GlobalSection(SolutionConfigurationPlatforms) = preSolution
		Debug|Any CPU = Debug|Any CPU
		Release|Any CPU = Release|Any CPU
	EndGlobalSection
	GlobalSection(ProjectConfigurationPlatforms) = postSolution
		{BEEC8ED9-0FB9-4961-8A36-0D5436132424}.Debug|Any CPU.ActiveCfg = Debug|Any CPU
		{BEEC8ED9-0FB9-4961-8A36-0D5436132424}.Debug|Any CPU.Build.0 = Debug|Any CPU
		{BEEC8ED9-0FB9-4961-8A36-0D5436132424}.Release|Any CPU.ActiveCfg = Release|Any CPU
		{BEEC8ED9-0FB9-4961-8A36-0D5436132424}.Release|Any CPU.Build.0 = Release|Any CPU
	EndGlobalSection
	GlobalSection(SolutionProperties) = preSolution
		HideSolutionNode = FALSE
	EndGlobalSection
	GlobalSection(ExtensibilityGlobals) = postSolution
		SolutionGuid = {7D742110-51AF-426E-A2EB-A3BBAAAE7E41}
	EndGlobalSection
EndGlobal
