
Microsoft Visual Studio Solution File, Format Version 12.00
# Visual Studio Version 17
VisualStudioVersion = 17.13.35931.197 d17.13
MinimumVisualStudioVersion = 10.0.40219.1
Project("{FAE04EC0-301F-11D3-BF4B-00C04F79EFBC}") = "bai15l13", "bai15l13\bai15l13.csproj", "{D6BA7363-1CDA-4FCE-AA9A-37E5B7D70E97}"
EndProject
Global
	GlobalSection(SolutionConfigurationPlatforms) = preSolution
		Debug|Any CPU = Debug|Any CPU
		Release|Any CPU = Release|Any CPU
	EndGlobalSection
	GlobalSection(ProjectConfigurationPlatforms) = postSolution
		{D6BA7363-1CDA-4FCE-AA9A-37E5B7D70E97}.Debug|Any CPU.ActiveCfg = Debug|Any CPU
		{D6BA7363-1CDA-4FCE-AA9A-37E5B7D70E97}.Debug|Any CPU.Build.0 = Debug|Any CPU
		{D6BA7363-1CDA-4FCE-AA9A-37E5B7D70E97}.Release|Any CPU.ActiveCfg = Release|Any CPU
		{D6BA7363-1CDA-4FCE-AA9A-37E5B7D70E97}.Release|Any CPU.Build.0 = Release|Any CPU
	EndGlobalSection
	GlobalSection(SolutionProperties) = preSolution
		HideSolutionNode = FALSE
	EndGlobalSection
	GlobalSection(ExtensibilityGlobals) = postSolution
		SolutionGuid = {8711E07D-AA61-4E4B-9062-E3AC415B470C}
	EndGlobalSection
EndGlobal
