
Microsoft Visual Studio Solution File, Format Version 12.00
# Visual Studio Version 17
VisualStudioVersion = 17.13.35931.197 d17.13
MinimumVisualStudioVersion = 10.0.40219.1
Project("{FAE04EC0-301F-11D3-BF4B-00C04F79EFBC}") = "bai21l13", "bai21l13\bai21l13.csproj", "{F8D2FC26-EFF6-4E0A-B55C-8B8172F1CFB6}"
EndProject
Global
	GlobalSection(SolutionConfigurationPlatforms) = preSolution
		Debug|Any CPU = Debug|Any CPU
		Release|Any CPU = Release|Any CPU
	EndGlobalSection
	GlobalSection(ProjectConfigurationPlatforms) = postSolution
		{F8D2FC26-EFF6-4E0A-B55C-8B8172F1CFB6}.Debug|Any CPU.ActiveCfg = Debug|Any CPU
		{F8D2FC26-EFF6-4E0A-B55C-8B8172F1CFB6}.Debug|Any CPU.Build.0 = Debug|Any CPU
		{F8D2FC26-EFF6-4E0A-B55C-8B8172F1CFB6}.Release|Any CPU.ActiveCfg = Release|Any CPU
		{F8D2FC26-EFF6-4E0A-B55C-8B8172F1CFB6}.Release|Any CPU.Build.0 = Release|Any CPU
	EndGlobalSection
	GlobalSection(SolutionProperties) = preSolution
		HideSolutionNode = FALSE
	EndGlobalSection
	GlobalSection(ExtensibilityGlobals) = postSolution
		SolutionGuid = {3803FBB2-3F61-4F46-A1D4-D25679176DD0}
	EndGlobalSection
EndGlobal
