
Microsoft Visual Studio Solution File, Format Version 12.00
# Visual Studio Version 17
VisualStudioVersion = 17.13.35931.197 d17.13
MinimumVisualStudioVersion = 10.0.40219.1
Project("{FAE04EC0-301F-11D3-BF4B-00C04F79EFBC}") = "bai5", "bai5\bai5.csproj", "{59A7CED2-BA8F-494A-80FF-269B876F20C6}"
EndProject
Global
	GlobalSection(SolutionConfigurationPlatforms) = preSolution
		Debug|Any CPU = Debug|Any CPU
		Release|Any CPU = Release|Any CPU
	EndGlobalSection
	GlobalSection(ProjectConfigurationPlatforms) = postSolution
		{59A7CED2-BA8F-494A-80FF-269B876F20C6}.Debug|Any CPU.ActiveCfg = Debug|Any CPU
		{59A7CED2-BA8F-494A-80FF-269B876F20C6}.Debug|Any CPU.Build.0 = Debug|Any CPU
		{59A7CED2-BA8F-494A-80FF-269B876F20C6}.Release|Any CPU.ActiveCfg = Release|Any CPU
		{59A7CED2-BA8F-494A-80FF-269B876F20C6}.Release|Any CPU.Build.0 = Release|Any CPU
	EndGlobalSection
	GlobalSection(SolutionProperties) = preSolution
		HideSolutionNode = FALSE
	EndGlobalSection
	GlobalSection(ExtensibilityGlobals) = postSolution
		SolutionGuid = {C3C9A599-4840-4880-AAA7-2BD914D2503C}
	EndGlobalSection
EndGlobal
