
Microsoft Visual Studio Solution File, Format Version 12.00
# Visual Studio Version 17
VisualStudioVersion = 17.13.35919.96 d17.13
MinimumVisualStudioVersion = 10.0.40219.1
Project("{FAE04EC0-301F-11D3-BF4B-00C04F79EFBC}") = "bài 2", "bài 2\bài 2.csproj", "{B7D25DD4-12E6-4570-9578-7209287FBCE0}"
EndProject
Global
	GlobalSection(SolutionConfigurationPlatforms) = preSolution
		Debug|Any CPU = Debug|Any CPU
		Release|Any CPU = Release|Any CPU
	EndGlobalSection
	GlobalSection(ProjectConfigurationPlatforms) = postSolution
		{B7D25DD4-12E6-4570-9578-7209287FBCE0}.Debug|Any CPU.ActiveCfg = Debug|Any CPU
		{B7D25DD4-12E6-4570-9578-7209287FBCE0}.Debug|Any CPU.Build.0 = Debug|Any CPU
		{B7D25DD4-12E6-4570-9578-7209287FBCE0}.Release|Any CPU.ActiveCfg = Release|Any CPU
		{B7D25DD4-12E6-4570-9578-7209287FBCE0}.Release|Any CPU.Build.0 = Release|Any CPU
	EndGlobalSection
	GlobalSection(SolutionProperties) = preSolution
		HideSolutionNode = FALSE
	EndGlobalSection
	GlobalSection(ExtensibilityGlobals) = postSolution
		SolutionGuid = {D89367BD-5FDD-45FE-902B-21D7C84A31BF}
	EndGlobalSection
EndGlobal
